
Microsoft Visual Studio Solution File, Format Version 12.00
# Visual Studio Version 16
VisualStudioVersion = 16.0.31911.196
MinimumVisualStudioVersion = 10.0.40219.1
Project("{FAE04EC0-301F-11D3-BF4B-00C04F79EFBC}") = "TelegramBotEx", "TelegramBotEx.csproj", "{7A07D7AC-1511-4D1A-A088-F12341C0FB74}"
EndProject
Global
	GlobalSection(SolutionConfigurationPlatforms) = preSolution
		Debug|Any CPU = Debug|Any CPU
		Release|Any CPU = Release|Any CPU
	EndGlobalSection
	GlobalSection(ProjectConfigurationPlatforms) = postSolution
		{7A07D7AC-1511-4D1A-A088-F12341C0FB74}.Debug|Any CPU.ActiveCfg = Debug|Any CPU
		{7A07D7AC-1511-4D1A-A088-F12341C0FB74}.Debug|Any CPU.Build.0 = Debug|Any CPU
		{7A07D7AC-1511-4D1A-A088-F12341C0FB74}.Release|Any CPU.ActiveCfg = Release|Any CPU
		{7A07D7AC-1511-4D1A-A088-F12341C0FB74}.Release|Any CPU.Build.0 = Release|Any CPU
	EndGlobalSection
	GlobalSection(SolutionProperties) = preSolution
		HideSolutionNode = FALSE
	EndGlobalSection
	GlobalSection(ExtensibilityGlobals) = postSolution
		SolutionGuid = {995106EF-A2B4-41AE-A1BD-4B16DDD772F5}
	EndGlobalSection
EndGlobal
